
Microsoft Visual Studio Solution File, Format Version 12.00
# Visual Studio 15
VisualStudioVersion = 15.0.26730.15
MinimumVisualStudioVersion = 10.0.40219.1
Project("{FAE04EC0-301F-11D3-BF4B-00C04F79EFBC}") = "Pingly", "Pingly\Pingly.csproj", "{D6996E1C-19A3-4821-8652-605329D95BE6}"
EndProject
Global
	GlobalSection(SolutionConfigurationPlatforms) = preSolution
		Debug|Any CPU = Debug|Any CPU
		Release|Any CPU = Release|Any CPU
	EndGlobalSection
	GlobalSection(ProjectConfigurationPlatforms) = postSolution
		{D6996E1C-19A3-4821-8652-605329D95BE6}.Debug|Any CPU.ActiveCfg = Debug|Any CPU
		{D6996E1C-19A3-4821-8652-605329D95BE6}.Debug|Any CPU.Build.0 = Debug|Any CPU
		{D6996E1C-19A3-4821-8652-605329D95BE6}.Release|Any CPU.ActiveCfg = Release|Any CPU
		{D6996E1C-19A3-4821-8652-605329D95BE6}.Release|Any CPU.Build.0 = Release|Any CPU
	EndGlobalSection
	GlobalSection(SolutionProperties) = preSolution
		HideSolutionNode = FALSE
	EndGlobalSection
	GlobalSection(ExtensibilityGlobals) = postSolution
		SolutionGuid = {5875C6D8-25E4-4157-A532-356A2E2D520E}
	EndGlobalSection
EndGlobal
